
Microsoft Visual Studio Solution File, Format Version 12.00
# Visual Studio Version 17
VisualStudioVersion = 17.6.33723.286
MinimumVisualStudioVersion = 10.0.40219.1
Project("{FAE04EC0-301F-11D3-BF4B-00C04F79EFBC}") = "Predicitions", "Predicitions.csproj", "{441D6752-FCE0-4C18-A696-0C11FC4AD59E}"
EndProject
Global
	GlobalSection(SolutionConfigurationPlatforms) = preSolution
		Debug|Any CPU = Debug|Any CPU
		Release|Any CPU = Release|Any CPU
	EndGlobalSection
	GlobalSection(ProjectConfigurationPlatforms) = postSolution
		{441D6752-FCE0-4C18-A696-0C11FC4AD59E}.Debug|Any CPU.ActiveCfg = Debug|Any CPU
		{441D6752-FCE0-4C18-A696-0C11FC4AD59E}.Debug|Any CPU.Build.0 = Debug|Any CPU
		{441D6752-FCE0-4C18-A696-0C11FC4AD59E}.Release|Any CPU.ActiveCfg = Release|Any CPU
		{441D6752-FCE0-4C18-A696-0C11FC4AD59E}.Release|Any CPU.Build.0 = Release|Any CPU
	EndGlobalSection
	GlobalSection(SolutionProperties) = preSolution
		HideSolutionNode = FALSE
	EndGlobalSection
	GlobalSection(ExtensibilityGlobals) = postSolution
		SolutionGuid = {6789AEA9-71FE-42B3-ADD0-B55E0299A0E1}
	EndGlobalSection
EndGlobal
