
Microsoft Visual Studio Solution File, Format Version 12.00
# Visual Studio Version 17
VisualStudioVersion = 17.6.33723.286
MinimumVisualStudioVersion = 10.0.40219.1
Project("{FAE04EC0-301F-11D3-BF4B-00C04F79EFBC}") = "General-Maintanance", "General-Maintanance.csproj", "{0571E569-3173-4CE3-9548-367F8A52B52A}"
EndProject
Global
	GlobalSection(SolutionConfigurationPlatforms) = preSolution
		Debug|Any CPU = Debug|Any CPU
		Release|Any CPU = Release|Any CPU
	EndGlobalSection
	GlobalSection(ProjectConfigurationPlatforms) = postSolution
		{0571E569-3173-4CE3-9548-367F8A52B52A}.Debug|Any CPU.ActiveCfg = Debug|Any CPU
		{0571E569-3173-4CE3-9548-367F8A52B52A}.Debug|Any CPU.Build.0 = Debug|Any CPU
		{0571E569-3173-4CE3-9548-367F8A52B52A}.Release|Any CPU.ActiveCfg = Release|Any CPU
		{0571E569-3173-4CE3-9548-367F8A52B52A}.Release|Any CPU.Build.0 = Release|Any CPU
	EndGlobalSection
	GlobalSection(SolutionProperties) = preSolution
		HideSolutionNode = FALSE
	EndGlobalSection
	GlobalSection(ExtensibilityGlobals) = postSolution
		SolutionGuid = {4D4AC246-3339-470A-992B-5FBE1B57327C}
	EndGlobalSection
EndGlobal
